// !$*UTF8*$!
{
	archiveVersion = 1;
	classes = {
	};
	objectVersion = 55;
	objects = {

/* Begin PBXBuildFile section */
		497541BF28CABC7500B480AB /* MovieDataUtilTests.swift in Sources */ = {isa = PBXBuildFile; fileRef = 497541BC28CABC7500B480AB /* MovieDataUtilTests.swift */; };
		497541C128CABC7500B480AB /* MovieRepositoryTests.swift in Sources */ = {isa = PBXBuildFile; fileRef = 497541BE28CABC7500B480AB /* MovieRepositoryTests.swift */; };
		497541CA28CABD4600B480AB /* MovieDetails.swift in Sources */ = {isa = PBXBuildFile; fileRef = 497541C628CABD4600B480AB /* MovieDetails.swift */; };
		497541CB28CABD4600B480AB /* MovieRow.swift in Sources */ = {isa = PBXBuildFile; fileRef = 497541C728CABD4600B480AB /* MovieRow.swift */; };
		497541CC28CABD4600B480AB /* MovieList.swift in Sources */ = {isa = PBXBuildFile; fileRef = 497541C828CABD4600B480AB /* MovieList.swift */; };
		497541CD28CABD4600B480AB /* ContentView.swift in Sources */ = {isa = PBXBuildFile; fileRef = 497541C928CABD4600B480AB /* ContentView.swift */; };
		497541D028CABD7D00B480AB /* Config.swift in Sources */ = {isa = PBXBuildFile; fileRef = 497541CF28CABD7D00B480AB /* Config.swift */; };
		497541D628CABD8700B480AB /* Movie.swift in Sources */ = {isa = PBXBuildFile; fileRef = 497541D228CABD8700B480AB /* Movie.swift */; };
		497541D728CABD8700B480AB /* MovieDataUtil.swift in Sources */ = {isa = PBXBuildFile; fileRef = 497541D328CABD8700B480AB /* MovieDataUtil.swift */; };
		497541D828CABD8700B480AB /* MovieRepository.swift in Sources */ = {isa = PBXBuildFile; fileRef = 497541D428CABD8700B480AB /* MovieRepository.swift */; };
		497541D928CABD8700B480AB /* ModelData.swift in Sources */ = {isa = PBXBuildFile; fileRef = 497541D528CABD8700B480AB /* ModelData.swift */; };
		4999856A28C3284500D90EB6 /* PopularMoviesApp.swift in Sources */ = {isa = PBXBuildFile; fileRef = 4999856928C3284500D90EB6 /* PopularMoviesApp.swift */; };
		4999856E28C3284900D90EB6 /* Assets.xcassets in Resources */ = {isa = PBXBuildFile; fileRef = 4999856D28C3284900D90EB6 /* Assets.xcassets */; };
		4999857128C3284900D90EB6 /* Preview Assets.xcassets in Resources */ = {isa = PBXBuildFile; fileRef = 4999857028C3284900D90EB6 /* Preview Assets.xcassets */; };
		4999858528C3284A00D90EB6 /* PopularMoviesUITests.swift in Sources */ = {isa = PBXBuildFile; fileRef = 4999858428C3284A00D90EB6 /* PopularMoviesUITests.swift */; };
		4999858728C3284A00D90EB6 /* PopularMoviesUITestsLaunchTests.swift in Sources */ = {isa = PBXBuildFile; fileRef = 4999858628C3284A00D90EB6 /* PopularMoviesUITestsLaunchTests.swift */; };
/* End PBXBuildFile section */

/* Begin PBXContainerItemProxy section */
		4999857728C3284A00D90EB6 /* PBXContainerItemProxy */ = {
			isa = PBXContainerItemProxy;
			containerPortal = 4999855E28C3284500D90EB6 /* Project object */;
			proxyType = 1;
			remoteGlobalIDString = 4999856528C3284500D90EB6;
			remoteInfo = PopularMovies;
		};
		4999858128C3284A00D90EB6 /* PBXContainerItemProxy */ = {
			isa = PBXContainerItemProxy;
			containerPortal = 4999855E28C3284500D90EB6 /* Project object */;
			proxyType = 1;
			remoteGlobalIDString = 4999856528C3284500D90EB6;
			remoteInfo = PopularMovies;
		};
/* End PBXContainerItemProxy section */

/* Begin PBXFileReference section */
		497541BC28CABC7500B480AB /* MovieDataUtilTests.swift */ = {isa = PBXFileReference; fileEncoding = 4; lastKnownFileType = sourcecode.swift; path = MovieDataUtilTests.swift; sourceTree = "<group>"; };
		497541BE28CABC7500B480AB /* MovieRepositoryTests.swift */ = {isa = PBXFileReference; fileEncoding = 4; lastKnownFileType = sourcecode.swift; path = MovieRepositoryTests.swift; sourceTree = "<group>"; };
		497541C628CABD4600B480AB /* MovieDetails.swift */ = {isa = PBXFileReference; fileEncoding = 4; lastKnownFileType = sourcecode.swift; path = MovieDetails.swift; sourceTree = "<group>"; };
		497541C728CABD4600B480AB /* MovieRow.swift */ = {isa = PBXFileReference; fileEncoding = 4; lastKnownFileType = sourcecode.swift; path = MovieRow.swift; sourceTree = "<group>"; };
		497541C828CABD4600B480AB /* MovieList.swift */ = {isa = PBXFileReference; fileEncoding = 4; lastKnownFileType = sourcecode.swift; path = MovieList.swift; sourceTree = "<group>"; };
		497541C928CABD4600B480AB /* ContentView.swift */ = {isa = PBXFileReference; fileEncoding = 4; lastKnownFileType = sourcecode.swift; path = ContentView.swift; sourceTree = "<group>"; };
		497541CF28CABD7D00B480AB /* Config.swift */ = {isa = PBXFileReference; fileEncoding = 4; lastKnownFileType = sourcecode.swift; path = Config.swift; sourceTree = "<group>"; };
		497541D228CABD8700B480AB /* Movie.swift */ = {isa = PBXFileReference; fileEncoding = 4; lastKnownFileType = sourcecode.swift; path = Movie.swift; sourceTree = "<group>"; };
		497541D328CABD8700B480AB /* MovieDataUtil.swift */ = {isa = PBXFileReference; fileEncoding = 4; lastKnownFileType = sourcecode.swift; path = MovieDataUtil.swift; sourceTree = "<group>"; };
		497541D428CABD8700B480AB /* MovieRepository.swift */ = {isa = PBXFileReference; fileEncoding = 4; lastKnownFileType = sourcecode.swift; path = MovieRepository.swift; sourceTree = "<group>"; };
		497541D528CABD8700B480AB /* ModelData.swift */ = {isa = PBXFileReference; fileEncoding = 4; lastKnownFileType = sourcecode.swift; path = ModelData.swift; sourceTree = "<group>"; };
		4999856628C3284500D90EB6 /* PopularMovies.app */ = {isa = PBXFileReference; explicitFileType = wrapper.application; includeInIndex = 0; path = PopularMovies.app; sourceTree = BUILT_PRODUCTS_DIR; };
		4999856928C3284500D90EB6 /* PopularMoviesApp.swift */ = {isa = PBXFileReference; lastKnownFileType = sourcecode.swift; path = PopularMoviesApp.swift; sourceTree = "<group>"; };
		4999856D28C3284900D90EB6 /* Assets.xcassets */ = {isa = PBXFileReference; lastKnownFileType = folder.assetcatalog; path = Assets.xcassets; sourceTree = "<group>"; };
		4999857028C3284900D90EB6 /* Preview Assets.xcassets */ = {isa = PBXFileReference; lastKnownFileType = folder.assetcatalog; path = "Preview Assets.xcassets"; sourceTree = "<group>"; };
		4999857628C3284A00D90EB6 /* PopularMoviesTests.xctest */ = {isa = PBXFileReference; explicitFileType = wrapper.cfbundle; includeInIndex = 0; path = PopularMoviesTests.xctest; sourceTree = BUILT_PRODUCTS_DIR; };
		4999858028C3284A00D90EB6 /* PopularMoviesUITests.xctest */ = {isa = PBXFileReference; explicitFileType = wrapper.cfbundle; includeInIndex = 0; path = PopularMoviesUITests.xctest; sourceTree = BUILT_PRODUCTS_DIR; };
		4999858428C3284A00D90EB6 /* PopularMoviesUITests.swift */ = {isa = PBXFileReference; lastKnownFileType = sourcecode.swift; path = PopularMoviesUITests.swift; sourceTree = "<group>"; };
		4999858628C3284A00D90EB6 /* PopularMoviesUITestsLaunchTests.swift */ = {isa = PBXFileReference; lastKnownFileType = sourcecode.swift; path = PopularMoviesUITestsLaunchTests.swift; sourceTree = "<group>"; };
/* End PBXFileReference section */

/* Begin PBXFrameworksBuildPhase section */
		4999856328C3284500D90EB6 /* Frameworks */ = {
			isa = PBXFrameworksBuildPhase;
			buildActionMask = 2147483647;
			files = (
			);
			runOnlyForDeploymentPostprocessing = 0;
		};
		4999857328C3284A00D90EB6 /* Frameworks */ = {
			isa = PBXFrameworksBuildPhase;
			buildActionMask = 2147483647;
			files = (
			);
			runOnlyForDeploymentPostprocessing = 0;
		};
		4999857D28C3284A00D90EB6 /* Frameworks */ = {
			isa = PBXFrameworksBuildPhase;
			buildActionMask = 2147483647;
			files = (
			);
			runOnlyForDeploymentPostprocessing = 0;
		};
/* End PBXFrameworksBuildPhase section */

/* Begin PBXGroup section */
		497541C528CABD4600B480AB /* View */ = {
			isa = PBXGroup;
			children = (
				497541C628CABD4600B480AB /* MovieDetails.swift */,
				497541C728CABD4600B480AB /* MovieRow.swift */,
				497541C828CABD4600B480AB /* MovieList.swift */,
				497541C928CABD4600B480AB /* ContentView.swift */,
			);
			path = View;
			sourceTree = "<group>";
		};
		497541CE28CABD7D00B480AB /* Common */ = {
			isa = PBXGroup;
			children = (
				497541CF28CABD7D00B480AB /* Config.swift */,
			);
			path = Common;
			sourceTree = "<group>";
		};
		497541D128CABD8700B480AB /* Model */ = {
			isa = PBXGroup;
			children = (
				497541D228CABD8700B480AB /* Movie.swift */,
				497541D328CABD8700B480AB /* MovieDataUtil.swift */,
				497541D428CABD8700B480AB /* MovieRepository.swift */,
				497541D528CABD8700B480AB /* ModelData.swift */,
			);
			path = Model;
			sourceTree = "<group>";
		};
		4999855D28C3284500D90EB6 = {
			isa = PBXGroup;
			children = (
				4999856828C3284500D90EB6 /* PopularMovies */,
				4999857928C3284A00D90EB6 /* PopularMoviesTests */,
				4999858328C3284A00D90EB6 /* PopularMoviesUITests */,
				4999856728C3284500D90EB6 /* Products */,
			);
			sourceTree = "<group>";
		};
		4999856728C3284500D90EB6 /* Products */ = {
			isa = PBXGroup;
			children = (
				4999856628C3284500D90EB6 /* PopularMovies.app */,
				4999857628C3284A00D90EB6 /* PopularMoviesTests.xctest */,
				4999858028C3284A00D90EB6 /* PopularMoviesUITests.xctest */,
			);
			name = Products;
			sourceTree = "<group>";
		};
		4999856828C3284500D90EB6 /* PopularMovies */ = {
			isa = PBXGroup;
			children = (
				497541D128CABD8700B480AB /* Model */,
				497541CE28CABD7D00B480AB /* Common */,
				497541C528CABD4600B480AB /* View */,
				4999856928C3284500D90EB6 /* PopularMoviesApp.swift */,
				4999856D28C3284900D90EB6 /* Assets.xcassets */,
				4999856F28C3284900D90EB6 /* Preview Content */,
			);
			path = PopularMovies;
			sourceTree = "<group>";
		};
		4999856F28C3284900D90EB6 /* Preview Content */ = {
			isa = PBXGroup;
			children = (
				4999857028C3284900D90EB6 /* Preview Assets.xcassets */,
			);
			path = "Preview Content";
			sourceTree = "<group>";
		};
		4999857928C3284A00D90EB6 /* PopularMoviesTests */ = {
			isa = PBXGroup;
			children = (
				497541BC28CABC7500B480AB /* MovieDataUtilTests.swift */,
				497541BE28CABC7500B480AB /* MovieRepositoryTests.swift */,
			);
			path = PopularMoviesTests;
			sourceTree = "<group>";
		};
		4999858328C3284A00D90EB6 /* PopularMoviesUITests */ = {
			isa = PBXGroup;
			children = (
				4999858428C3284A00D90EB6 /* PopularMoviesUITests.swift */,
				4999858628C3284A00D90EB6 /* PopularMoviesUITestsLaunchTests.swift */,
			);
			path = PopularMoviesUITests;
			sourceTree = "<group>";
		};
/* End PBXGroup section */

/* Begin PBXNativeTarget section */
		4999856528C3284500D90EB6 /* PopularMovies */ = {
			isa = PBXNativeTarget;
			buildConfigurationList = 4999858A28C3284A00D90EB6 /* Build configuration list for PBXNativeTarget "PopularMovies" */;
			buildPhases = (
				4999856228C3284500D90EB6 /* Sources */,
				4999856328C3284500D90EB6 /* Frameworks */,
				4999856428C3284500D90EB6 /* Resources */,
			);
			buildRules = (
			);
			dependencies = (
			);
			name = PopularMovies;
			productName = PopularMovies;
			productReference = 4999856628C3284500D90EB6 /* PopularMovies.app */;
			productType = "com.apple.product-type.application";
		};
		4999857528C3284A00D90EB6 /* PopularMoviesTests */ = {
			isa = PBXNativeTarget;
			buildConfigurationList = 4999858D28C3284A00D90EB6 /* Build configuration list for PBXNativeTarget "PopularMoviesTests" */;
			buildPhases = (
				4999857228C3284A00D90EB6 /* Sources */,
				4999857328C3284A00D90EB6 /* Frameworks */,
				4999857428C3284A00D90EB6 /* Resources */,
			);
			buildRules = (
			);
			dependencies = (
				4999857828C3284A00D90EB6 /* PBXTargetDependency */,
			);
			name = PopularMoviesTests;
			productName = PopularMoviesTests;
			productReference = 4999857628C3284A00D90EB6 /* PopularMoviesTests.xctest */;
			productType = "com.apple.product-type.bundle.unit-test";
		};
		4999857F28C3284A00D90EB6 /* PopularMoviesUITests */ = {
			isa = PBXNativeTarget;
			buildConfigurationList = 4999859028C3284A00D90EB6 /* Build configuration list for PBXNativeTarget "PopularMoviesUITests" */;
			buildPhases = (
				4999857C28C3284A00D90EB6 /* Sources */,
				4999857D28C3284A00D90EB6 /* Frameworks */,
				4999857E28C3284A00D90EB6 /* Resources */,
			);
			buildRules = (
			);
			dependencies = (
				4999858228C3284A00D90EB6 /* PBXTargetDependency */,
			);
			name = PopularMoviesUITests;
			productName = PopularMoviesUITests;
			productReference = 4999858028C3284A00D90EB6 /* PopularMoviesUITests.xctest */;
			productType = "com.apple.product-type.bundle.ui-testing";
		};
/* End PBXNativeTarget section */

/* Begin PBXProject section */
		4999855E28C3284500D90EB6 /* Project object */ = {
			isa = PBXProject;
			attributes = {
				BuildIndependentTargetsInParallel = 1;
				LastSwiftUpdateCheck = 1340;
				LastUpgradeCheck = 1340;
				TargetAttributes = {
					4999856528C3284500D90EB6 = {
						CreatedOnToolsVersion = 13.4.1;
					};
					4999857528C3284A00D90EB6 = {
						CreatedOnToolsVersion = 13.4.1;
						TestTargetID = 4999856528C3284500D90EB6;
					};
					4999857F28C3284A00D90EB6 = {
						CreatedOnToolsVersion = 13.4.1;
						TestTargetID = 4999856528C3284500D90EB6;
					};
				};
			};
			buildConfigurationList = 4999856128C3284500D90EB6 /* Build configuration list for PBXProject "PopularMovies" */;
			compatibilityVersion = "Xcode 13.0";
			developmentRegion = en;
			hasScannedForEncodings = 0;
			knownRegions = (
				en,
				Base,
			);
			mainGroup = 4999855D28C3284500D90EB6;
			productRefGroup = 4999856728C3284500D90EB6 /* Products */;
			projectDirPath = "";
			projectRoot = "";
			targets = (
				4999856528C3284500D90EB6 /* PopularMovies */,
				4999857528C3284A00D90EB6 /* PopularMoviesTests */,
				4999857F28C3284A00D90EB6 /* PopularMoviesUITests */,
			);
		};
/* End PBXProject section */

/* Begin PBXResourcesBuildPhase section */
		4999856428C3284500D90EB6 /* Resources */ = {
			isa = PBXResourcesBuildPhase;
			buildActionMask = 2147483647;
			files = (
				4999857128C3284900D90EB6 /* Preview Assets.xcassets in Resources */,
				4999856E28C3284900D90EB6 /* Assets.xcassets in Resources */,
			);
			runOnlyForDeploymentPostprocessing = 0;
		};
		4999857428C3284A00D90EB6 /* Resources */ = {
			isa = PBXResourcesBuildPhase;
			buildActionMask = 2147483647;
			files = (
			);
			runOnlyForDeploymentPostprocessing = 0;
		};
		4999857E28C3284A00D90EB6 /* Resources */ = {
			isa = PBXResourcesBuildPhase;
			buildActionMask = 2147483647;
			files = (
			);
			runOnlyForDeploymentPostprocessing = 0;
		};
/* End PBXResourcesBuildPhase section */

/* Begin PBXSourcesBuildPhase section */
		4999856228C3284500D90EB6 /* Sources */ = {
			isa = PBXSourcesBuildPhase;
			buildActionMask = 2147483647;
			files = (
				497541CC28CABD4600B480AB /* MovieList.swift in Sources */,
				497541D628CABD8700B480AB /* Movie.swift in Sources */,
				497541D828CABD8700B480AB /* MovieRepository.swift in Sources */,
				497541CB28CABD4600B480AB /* MovieRow.swift in Sources */,
				497541D928CABD8700B480AB /* ModelData.swift in Sources */,
				497541CA28CABD4600B480AB /* MovieDetails.swift in Sources */,
				497541CD28CABD4600B480AB /* ContentView.swift in Sources */,
				497541D728CABD8700B480AB /* MovieDataUtil.swift in Sources */,
				497541D028CABD7D00B480AB /* Config.swift in Sources */,
				4999856A28C3284500D90EB6 /* PopularMoviesApp.swift in Sources */,
			);
			runOnlyForDeploymentPostprocessing = 0;
		};
		4999857228C3284A00D90EB6 /* Sources */ = {
			isa = PBXSourcesBuildPhase;
			buildActionMask = 2147483647;
			files = (
				497541C128CABC7500B480AB /* MovieRepositoryTests.swift in Sources */,
				497541BF28CABC7500B480AB /* MovieDataUtilTests.swift in Sources */,
			);
			runOnlyForDeploymentPostprocessing = 0;
		};
		4999857C28C3284A00D90EB6 /* Sources */ = {
			isa = PBXSourcesBuildPhase;
			buildActionMask = 2147483647;
			files = (
				4999858528C3284A00D90EB6 /* PopularMoviesUITests.swift in Sources */,
				4999858728C3284A00D90EB6 /* PopularMoviesUITestsLaunchTests.swift in Sources */,
			);
			runOnlyForDeploymentPostprocessing = 0;
		};
/* End PBXSourcesBuildPhase section */

/* Begin PBXTargetDependency section */
		4999857828C3284A00D90EB6 /* PBXTargetDependency */ = {
			isa = PBXTargetDependency;
			target = 4999856528C3284500D90EB6 /* PopularMovies */;
			targetProxy = 4999857728C3284A00D90EB6 /* PBXContainerItemProxy */;
		};
		4999858228C3284A00D90EB6 /* PBXTargetDependency */ = {
			isa = PBXTargetDependency;
			target = 4999856528C3284500D90EB6 /* PopularMovies */;
			targetProxy = 4999858128C3284A00D90EB6 /* PBXContainerItemProxy */;
		};
/* End PBXTargetDependency section */

/* Begin XCBuildConfiguration section */
		4999858828C3284A00D90EB6 /* Debug */ = {
			isa = XCBuildConfiguration;
			buildSettings = {
				ALWAYS_SEARCH_USER_PATHS = NO;
				CLANG_ANALYZER_NONNULL = YES;
				CLANG_ANALYZER_NUMBER_OBJECT_CONVERSION = YES_AGGRESSIVE;
				CLANG_CXX_LANGUAGE_STANDARD = "gnu++17";
				CLANG_ENABLE_MODULES = YES;
				CLANG_ENABLE_OBJC_ARC = YES;
				CLANG_ENABLE_OBJC_WEAK = YES;
				CLANG_WARN_BLOCK_CAPTURE_AUTORELEASING = YES;
				CLANG_WARN_BOOL_CONVERSION = YES;
				CLANG_WARN_COMMA = YES;
				CLANG_WARN_CONSTANT_CONVERSION = YES;
				CLANG_WARN_DEPRECATED_OBJC_IMPLEMENTATIONS = YES;
				CLANG_WARN_DIRECT_OBJC_ISA_USAGE = YES_ERROR;
				CLANG_WARN_DOCUMENTATION_COMMENTS = YES;
				CLANG_WARN_EMPTY_BODY = YES;
				CLANG_WARN_ENUM_CONVERSION = YES;
				CLANG_WARN_INFINITE_RECURSION = YES;
				CLANG_WARN_INT_CONVERSION = YES;
				CLANG_WARN_NON_LITERAL_NULL_CONVERSION = YES;
				CLANG_WARN_OBJC_IMPLICIT_RETAIN_SELF = YES;
				CLANG_WARN_OBJC_LITERAL_CONVERSION = YES;
				CLANG_WARN_OBJC_ROOT_CLASS = YES_ERROR;
				CLANG_WARN_QUOTED_INCLUDE_IN_FRAMEWORK_HEADER = YES;
				CLANG_WARN_RANGE_LOOP_ANALYSIS = YES;
				CLANG_WARN_STRICT_PROTOTYPES = YES;
				CLANG_WARN_SUSPICIOUS_MOVE = YES;
				CLANG_WARN_UNGUARDED_AVAILABILITY = YES_AGGRESSIVE;
				CLANG_WARN_UNREACHABLE_CODE = YES;
				CLANG_WARN__DUPLICATE_METHOD_MATCH = YES;
				COPY_PHASE_STRIP = NO;
				DEBUG_INFORMATION_FORMAT = dwarf;
				ENABLE_STRICT_OBJC_MSGSEND = YES;
				ENABLE_TESTABILITY = YES;
				GCC_C_LANGUAGE_STANDARD = gnu11;
				GCC_DYNAMIC_NO_PIC = NO;
				GCC_NO_COMMON_BLOCKS = YES;
				GCC_OPTIMIZATION_LEVEL = 0;
				GCC_PREPROCESSOR_DEFINITIONS = (
					"DEBUG=1",
					"$(inherited)",
				);
				GCC_WARN_64_TO_32_BIT_CONVERSION = YES;
				GCC_WARN_ABOUT_RETURN_TYPE = YES_ERROR;
				GCC_WARN_UNDECLARED_SELECTOR = YES;
				GCC_WARN_UNINITIALIZED_AUTOS = YES_AGGRESSIVE;
				GCC_WARN_UNUSED_FUNCTION = YES;
				GCC_WARN_UNUSED_VARIABLE = YES;
				IPHONEOS_DEPLOYMENT_TARGET = 15.5;
				MTL_ENABLE_DEBUG_INFO = INCLUDE_SOURCE;
				MTL_FAST_MATH = YES;
				ONLY_ACTIVE_ARCH = YES;
				SDKROOT = iphoneos;
				SWIFT_ACTIVE_COMPILATION_CONDITIONS = DEBUG;
				SWIFT_OPTIMIZATION_LEVEL = "-Onone";
			};
			name = Debug;
		};
		4999858928C3284A00D90EB6 /* Release */ = {
			isa = XCBuildConfiguration;
			buildSettings = {
				ALWAYS_SEARCH_USER_PATHS = NO;
				CLANG_ANALYZER_NONNULL = YES;
				CLANG_ANALYZER_NUMBER_OBJECT_CONVERSION = YES_AGGRESSIVE;
				CLANG_CXX_LANGUAGE_STANDARD = "gnu++17";
				CLANG_ENABLE_MODULES = YES;
				CLANG_ENABLE_OBJC_ARC = YES;
				CLANG_ENABLE_OBJC_WEAK = YES;
				CLANG_WARN_BLOCK_CAPTURE_AUTORELEASING = YES;
				CLANG_WARN_BOOL_CONVERSION = YES;
				CLANG_WARN_COMMA = YES;
				CLANG_WARN_CONSTANT_CONVERSION = YES;
				CLANG_WARN_DEPRECATED_OBJC_IMPLEMENTATIONS = YES;
				CLANG_WARN_DIRECT_OBJC_ISA_USAGE = YES_ERROR;
				CLANG_WARN_DOCUMENTATION_COMMENTS = YES;
				CLANG_WARN_EMPTY_BODY = YES;
				CLANG_WARN_ENUM_CONVERSION = YES;
				CLANG_WARN_INFINITE_RECURSION = YES;
				CLANG_WARN_INT_CONVERSION = YES;
				CLANG_WARN_NON_LITERAL_NULL_CONVERSION = YES;
				CLANG_WARN_OBJC_IMPLICIT_RETAIN_SELF = YES;
				CLANG_WARN_OBJC_LITERAL_CONVERSION = YES;
				CLANG_WARN_OBJC_ROOT_CLASS = YES_ERROR;
				CLANG_WARN_QUOTED_INCLUDE_IN_FRAMEWORK_HEADER = YES;
				CLANG_WARN_RANGE_LOOP_ANALYSIS = YES;
				CLANG_WARN_STRICT_PROTOTYPES = YES;
				CLANG_WARN_SUSPICIOUS_MOVE = YES;
				CLANG_WARN_UNGUARDED_AVAILABILITY = YES_AGGRESSIVE;
				CLANG_WARN_UNREACHABLE_CODE = YES;
				CLANG_WARN__DUPLICATE_METHOD_MATCH = YES;
				COPY_PHASE_STRIP = NO;
				DEBUG_INFORMATION_FORMAT = "dwarf-with-dsym";
				ENABLE_NS_ASSERTIONS = NO;
				ENABLE_STRICT_OBJC_MSGSEND = YES;
				GCC_C_LANGUAGE_STANDARD = gnu11;
				GCC_NO_COMMON_BLOCKS = YES;
				GCC_WARN_64_TO_32_BIT_CONVERSION = YES;
				GCC_WARN_ABOUT_RETURN_TYPE = YES_ERROR;
				GCC_WARN_UNDECLARED_SELECTOR = YES;
				GCC_WARN_UNINITIALIZED_AUTOS = YES_AGGRESSIVE;
				GCC_WARN_UNUSED_FUNCTION = YES;
				GCC_WARN_UNUSED_VARIABLE = YES;
				IPHONEOS_DEPLOYMENT_TARGET = 15.5;
				MTL_ENABLE_DEBUG_INFO = NO;
				MTL_FAST_MATH = YES;
				SDKROOT = iphoneos;
				SWIFT_COMPILATION_MODE = wholemodule;
				SWIFT_OPTIMIZATION_LEVEL = "-O";
				VALIDATE_PRODUCT = YES;
			};
			name = Release;
		};
		4999858B28C3284A00D90EB6 /* Debug */ = {
			isa = XCBuildConfiguration;
			buildSettings = {
				ASSETCATALOG_COMPILER_APPICON_NAME = AppIcon;
				ASSETCATALOG_COMPILER_GLOBAL_ACCENT_COLOR_NAME = AccentColor;
				CODE_SIGN_STYLE = Automatic;
				CURRENT_PROJECT_VERSION = 1;
				DEVELOPMENT_ASSET_PATHS = "\"PopularMovies/Preview Content\"";
				DEVELOPMENT_TEAM = UU777Y8FBV;
				ENABLE_PREVIEWS = YES;
				GENERATE_INFOPLIST_FILE = YES;
				INFOPLIST_KEY_UIApplicationSceneManifest_Generation = YES;
				INFOPLIST_KEY_UIApplicationSupportsIndirectInputEvents = YES;
				INFOPLIST_KEY_UILaunchScreen_Generation = YES;
				INFOPLIST_KEY_UISupportedInterfaceOrientations_iPad = "UIInterfaceOrientationPortrait UIInterfaceOrientationPortraitUpsideDown UIInterfaceOrientationLandscapeLeft UIInterfaceOrientationLandscapeRight";
				INFOPLIST_KEY_UISupportedInterfaceOrientations_iPhone = "UIInterfaceOrientationPortrait UIInterfaceOrientationLandscapeLeft UIInterfaceOrientationLandscapeRight";
				LD_RUNPATH_SEARCH_PATHS = (
					"$(inherited)",
					"@executable_path/Frameworks",
				);
				MARKETING_VERSION = 1.0;
				PRODUCT_BUNDLE_IDENTIFIER = com.summermk.PopularMovies;
				PRODUCT_NAME = "$(TARGET_NAME)";
				SWIFT_EMIT_LOC_STRINGS = YES;
				SWIFT_VERSION = 5.0;
				TARGETED_DEVICE_FAMILY = "1,2";
			};
			name = Debug;
		};
		4999858C28C3284A00D90EB6 /* Release */ = {
			isa = XCBuildConfiguration;
			buildSettings = {
				ASSETCATALOG_COMPILER_APPICON_NAME = AppIcon;
				ASSETCATALOG_COMPILER_GLOBAL_ACCENT_COLOR_NAME = AccentColor;
				CODE_SIGN_STYLE = Automatic;
				CURRENT_PROJECT_VERSION = 1;
				DEVELOPMENT_ASSET_PATHS = "\"PopularMovies/Preview Content\"";
				DEVELOPMENT_TEAM = UU777Y8FBV;
				ENABLE_PREVIEWS = YES;
				GENERATE_INFOPLIST_FILE = YES;
				INFOPLIST_KEY_UIApplicationSceneManifest_Generation = YES;
				INFOPLIST_KEY_UIApplicationSupportsIndirectInputEvents = YES;
				INFOPLIST_KEY_UILaunchScreen_Generation = YES;
				INFOPLIST_KEY_UISupportedInterfaceOrientations_iPad = "UIInterfaceOrientationPortrait UIInterfaceOrientationPortraitUpsideDown UIInterfaceOrientationLandscapeLeft UIInterfaceOrientationLandscapeRight";
				INFOPLIST_KEY_UISupportedInterfaceOrientations_iPhone = "UIInterfaceOrientationPortrait UIInterfaceOrientationLandscapeLeft UIInterfaceOrientationLandscapeRight";
				LD_RUNPATH_SEARCH_PATHS = (
					"$(inherited)",
					"@executable_path/Frameworks",
				);
				MARKETING_VERSION = 1.0;
				PRODUCT_BUNDLE_IDENTIFIER = com.summermk.PopularMovies;
				PRODUCT_NAME = "$(TARGET_NAME)";
				SWIFT_EMIT_LOC_STRINGS = YES;
				SWIFT_VERSION = 5.0;
				TARGETED_DEVICE_FAMILY = "1,2";
			};
			name = Release;
		};
		4999858E28C3284A00D90EB6 /* Debug */ = {
			isa = XCBuildConfiguration;
			buildSettings = {
				ALWAYS_EMBED_SWIFT_STANDARD_LIBRARIES = YES;
				BUNDLE_LOADER = "$(TEST_HOST)";
				CODE_SIGN_STYLE = Automatic;
				CURRENT_PROJECT_VERSION = 1;
				DEVELOPMENT_TEAM = UU777Y8FBV;
				GENERATE_INFOPLIST_FILE = YES;
				IPHONEOS_DEPLOYMENT_TARGET = 15.5;
				MARKETING_VERSION = 1.0;
				PRODUCT_BUNDLE_IDENTIFIER = com.summermk.PopularMoviesTests;
				PRODUCT_NAME = "$(TARGET_NAME)";
				SWIFT_EMIT_LOC_STRINGS = NO;
				SWIFT_VERSION = 5.0;
				TARGETED_DEVICE_FAMILY = "1,2";
				TEST_HOST = "$(BUILT_PRODUCTS_DIR)/PopularMovies.app/PopularMovies";
			};
			name = Debug;
		};
		4999858F28C3284A00D90EB6 /* Release */ = {
			isa = XCBuildConfiguration;
			buildSettings = {
				ALWAYS_EMBED_SWIFT_STANDARD_LIBRARIES = YES;
				BUNDLE_LOADER = "$(TEST_HOST)";
				CODE_SIGN_STYLE = Automatic;
				CURRENT_PROJECT_VERSION = 1;
				DEVELOPMENT_TEAM = UU777Y8FBV;
				GENERATE_INFOPLIST_FILE = YES;
				IPHONEOS_DEPLOYMENT_TARGET = 15.5;
				MARKETING_VERSION = 1.0;
				PRODUCT_BUNDLE_IDENTIFIER = com.summermk.PopularMoviesTests;
				PRODUCT_NAME = "$(TARGET_NAME)";
				SWIFT_EMIT_LOC_STRINGS = NO;
				SWIFT_VERSION = 5.0;
				TARGETED_DEVICE_FAMILY = "1,2";
				TEST_HOST = "$(BUILT_PRODUCTS_DIR)/PopularMovies.app/PopularMovies";
			};
			name = Release;
		};
		4999859128C3284A00D90EB6 /* Debug */ = {
			isa = XCBuildConfiguration;
			buildSettings = {
				ALWAYS_EMBED_SWIFT_STANDARD_LIBRARIES = YES;
				CODE_SIGN_STYLE = Automatic;
				CURRENT_PROJECT_VERSION = 1;
				DEVELOPMENT_TEAM = UU777Y8FBV;
				GENERATE_INFOPLIST_FILE = YES;
				MARKETING_VERSION = 1.0;
				PRODUCT_BUNDLE_IDENTIFIER = com.summermk.PopularMoviesUITests;
				PRODUCT_NAME = "$(TARGET_NAME)";
				SWIFT_EMIT_LOC_STRINGS = NO;
				SWIFT_VERSION = 5.0;
				TARGETED_DEVICE_FAMILY = "1,2";
				TEST_TARGET_NAME = PopularMovies;
			};
			name = Debug;
		};
		4999859228C3284A00D90EB6 /* Release */ = {
			isa = XCBuildConfiguration;
			buildSettings = {
				ALWAYS_EMBED_SWIFT_STANDARD_LIBRARIES = YES;
				CODE_SIGN_STYLE = Automatic;
				CURRENT_PROJECT_VERSION = 1;
				DEVELOPMENT_TEAM = UU777Y8FBV;
				GENERATE_INFOPLIST_FILE = YES;
				MARKETING_VERSION = 1.0;
				PRODUCT_BUNDLE_IDENTIFIER = com.summermk.PopularMoviesUITests;
				PRODUCT_NAME = "$(TARGET_NAME)";
				SWIFT_EMIT_LOC_STRINGS = NO;
				SWIFT_VERSION = 5.0;
				TARGETED_DEVICE_FAMILY = "1,2";
				TEST_TARGET_NAME = PopularMovies;
			};
			name = Release;
		};
/* End XCBuildConfiguration section */

/* Begin XCConfigurationList section */
		4999856128C3284500D90EB6 /* Build configuration list for PBXProject "PopularMovies" */ = {
			isa = XCConfigurationList;
			buildConfigurations = (
				4999858828C3284A00D90EB6 /* Debug */,
				4999858928C3284A00D90EB6 /* Release */,
			);
			defaultConfigurationIsVisible = 0;
			defaultConfigurationName = Release;
		};
		4999858A28C3284A00D90EB6 /* Build configuration list for PBXNativeTarget "PopularMovies" */ = {
			isa = XCConfigurationList;
			buildConfigurations = (
				4999858B28C3284A00D90EB6 /* Debug */,
				4999858C28C3284A00D90EB6 /* Release */,
			);
			defaultConfigurationIsVisible = 0;
			defaultConfigurationName = Release;
		};
		4999858D28C3284A00D90EB6 /* Build configuration list for PBXNativeTarget "PopularMoviesTests" */ = {
			isa = XCConfigurationList;
			buildConfigurations = (
				4999858E28C3284A00D90EB6 /* Debug */,
				4999858F28C3284A00D90EB6 /* Release */,
			);
			defaultConfigurationIsVisible = 0;
			defaultConfigurationName = Release;
		};
		4999859028C3284A00D90EB6 /* Build configuration list for PBXNativeTarget "PopularMoviesUITests" */ = {
			isa = XCConfigurationList;
			buildConfigurations = (
				4999859128C3284A00D90EB6 /* Debug */,
				4999859228C3284A00D90EB6 /* Release */,
			);
			defaultConfigurationIsVisible = 0;
			defaultConfigurationName = Release;
		};
/* End XCConfigurationList section */
	};
	rootObject = 4999855E28C3284500D90EB6 /* Project object */;
}
